
Microsoft Visual Studio Solution File, Format Version 12.00
# Visual Studio Version 17
VisualStudioVersion = 17.1.32228.430
MinimumVisualStudioVersion = 10.0.40219.1
Project("{8BC9CEB8-8B4A-11D0-8D11-00A0C91BC942}") = "Week10_Homework1", "Week10_Homework1\Week10_Homework1.vcxproj", "{92F67CB4-EDD4-4B76-8455-DC1D7206C7EE}"
EndProject
Global
	GlobalSection(SolutionConfigurationPlatforms) = preSolution
		Debug|x64 = Debug|x64
		Debug|x86 = Debug|x86
		Release|x64 = Release|x64
		Release|x86 = Release|x86
	EndGlobalSection
	GlobalSection(ProjectConfigurationPlatforms) = postSolution
		{92F67CB4-EDD4-4B76-8455-DC1D7206C7EE}.Debug|x64.ActiveCfg = Debug|x64
		{92F67CB4-EDD4-4B76-8455-DC1D7206C7EE}.Debug|x64.Build.0 = Debug|x64
		{92F67CB4-EDD4-4B76-8455-DC1D7206C7EE}.Debug|x86.ActiveCfg = Debug|Win32
		{92F67CB4-EDD4-4B76-8455-DC1D7206C7EE}.Debug|x86.Build.0 = Debug|Win32
		{92F67CB4-EDD4-4B76-8455-DC1D7206C7EE}.Release|x64.ActiveCfg = Release|x64
		{92F67CB4-EDD4-4B76-8455-DC1D7206C7EE}.Release|x64.Build.0 = Release|x64
		{92F67CB4-EDD4-4B76-8455-DC1D7206C7EE}.Release|x86.ActiveCfg = Release|Win32
		{92F67CB4-EDD4-4B76-8455-DC1D7206C7EE}.Release|x86.Build.0 = Release|Win32
	EndGlobalSection
	GlobalSection(SolutionProperties) = preSolution
		HideSolutionNode = FALSE
	EndGlobalSection
	GlobalSection(ExtensibilityGlobals) = postSolution
		SolutionGuid = {8B3119DA-1D88-4916-AB23-C09399B0584E}
	EndGlobalSection
EndGlobal
